// !$*UTF8*$!
{
	archiveVersion = 1;
	classes = {
	};
	objectVersion = 50;
	objects = {

/* Begin PBXBuildFile section */
		01074DF225A4FB69005C87B8 /* Nexa Light.otf in Resources */ = {isa = PBXBuildFile; fileRef = 01074DF125A4FB69005C87B8 /* Nexa Light.otf */; };
		0153131C25A482B200874DED /* CollectionViewController.swift in Sources */ = {isa = PBXBuildFile; fileRef = 0153131B25A482B200874DED /* CollectionViewController.swift */; };
		0153132825A493C100874DED /* WeekCell.swift in Sources */ = {isa = PBXBuildFile; fileRef = 0153132725A493C100874DED /* WeekCell.swift */; };
		0153132B25A4A2AF00874DED /* HeadernFooterCell.swift in Sources */ = {isa = PBXBuildFile; fileRef = 0153132A25A4A2AF00874DED /* HeadernFooterCell.swift */; };
		01592C8E25A327CB007E00D5 /* AppDelegate.swift in Sources */ = {isa = PBXBuildFile; fileRef = 01592C8D25A327CB007E00D5 /* AppDelegate.swift */; };
		01592C9025A327CB007E00D5 /* SceneDelegate.swift in Sources */ = {isa = PBXBuildFile; fileRef = 01592C8F25A327CB007E00D5 /* SceneDelegate.swift */; };
		01592C9525A327CB007E00D5 /* Main.storyboard in Resources */ = {isa = PBXBuildFile; fileRef = 01592C9325A327CB007E00D5 /* Main.storyboard */; };
		01592C9725A327CF007E00D5 /* Assets.xcassets in Resources */ = {isa = PBXBuildFile; fileRef = 01592C9625A327CF007E00D5 /* Assets.xcassets */; };
		01592C9A25A327CF007E00D5 /* LaunchScreen.storyboard in Resources */ = {isa = PBXBuildFile; fileRef = 01592C9825A327CF007E00D5 /* LaunchScreen.storyboard */; };
		019FDA7C25D5631600942477 /* TableContorller.swift in Sources */ = {isa = PBXBuildFile; fileRef = 019FDA7B25D5631600942477 /* TableContorller.swift */; };
		019FDA8325E6869000942477 /* ProfileDidSelect.storyboard in Resources */ = {isa = PBXBuildFile; fileRef = 019FDA8225E6869000942477 /* ProfileDidSelect.storyboard */; };
		01A8C37A25A5D0AE00ED5F3B /* PersonCell.swift in Sources */ = {isa = PBXBuildFile; fileRef = 01A8C37925A5D0AE00ED5F3B /* PersonCell.swift */; };
		01A8C37E25A5D20500ED5F3B /* zphlwJ9dKHk.jpg in Resources */ = {isa = PBXBuildFile; fileRef = 01A8C37D25A5D20500ED5F3B /* zphlwJ9dKHk.jpg */; };
		01A8C38625A5DEF200ED5F3B /* ProfileViewController.swift in Sources */ = {isa = PBXBuildFile; fileRef = 01A8C38525A5DEF200ED5F3B /* ProfileViewController.swift */; };
/* End PBXBuildFile section */

/* Begin PBXFileReference section */
		01074DF125A4FB69005C87B8 /* Nexa Light.otf */ = {isa = PBXFileReference; lastKnownFileType = file; name = "Nexa Light.otf"; path = "../Nexa Light.otf"; sourceTree = "<group>"; };
		0153131B25A482B200874DED /* CollectionViewController.swift */ = {isa = PBXFileReference; lastKnownFileType = sourcecode.swift; path = CollectionViewController.swift; sourceTree = "<group>"; };
		0153132725A493C100874DED /* WeekCell.swift */ = {isa = PBXFileReference; lastKnownFileType = sourcecode.swift; path = WeekCell.swift; sourceTree = "<group>"; };
		0153132A25A4A2AF00874DED /* HeadernFooterCell.swift */ = {isa = PBXFileReference; lastKnownFileType = sourcecode.swift; path = HeadernFooterCell.swift; sourceTree = "<group>"; };
		01592C8A25A327CB007E00D5 /* Shift_Distribution.app */ = {isa = PBXFileReference; explicitFileType = wrapper.application; includeInIndex = 0; path = Shift_Distribution.app; sourceTree = BUILT_PRODUCTS_DIR; };
		01592C8D25A327CB007E00D5 /* AppDelegate.swift */ = {isa = PBXFileReference; lastKnownFileType = sourcecode.swift; path = AppDelegate.swift; sourceTree = "<group>"; };
		01592C8F25A327CB007E00D5 /* SceneDelegate.swift */ = {isa = PBXFileReference; lastKnownFileType = sourcecode.swift; path = SceneDelegate.swift; sourceTree = "<group>"; };
		01592C9425A327CB007E00D5 /* Base */ = {isa = PBXFileReference; lastKnownFileType = file.storyboard; name = Base; path = Base.lproj/Main.storyboard; sourceTree = "<group>"; };
		01592C9625A327CF007E00D5 /* Assets.xcassets */ = {isa = PBXFileReference; lastKnownFileType = folder.assetcatalog; path = Assets.xcassets; sourceTree = "<group>"; };
		01592C9925A327CF007E00D5 /* Base */ = {isa = PBXFileReference; lastKnownFileType = file.storyboard; name = Base; path = Base.lproj/LaunchScreen.storyboard; sourceTree = "<group>"; };
		01592C9B25A327CF007E00D5 /* Info.plist */ = {isa = PBXFileReference; lastKnownFileType = text.plist.xml; path = Info.plist; sourceTree = "<group>"; };
		019FDA7B25D5631600942477 /* TableContorller.swift */ = {isa = PBXFileReference; lastKnownFileType = sourcecode.swift; path = TableContorller.swift; sourceTree = "<group>"; };
		019FDA8225E6869000942477 /* ProfileDidSelect.storyboard */ = {isa = PBXFileReference; lastKnownFileType = file.storyboard; path = ProfileDidSelect.storyboard; sourceTree = "<group>"; };
		01A8C37925A5D0AE00ED5F3B /* PersonCell.swift */ = {isa = PBXFileReference; lastKnownFileType = sourcecode.swift; path = PersonCell.swift; sourceTree = "<group>"; };
		01A8C37D25A5D20500ED5F3B /* zphlwJ9dKHk.jpg */ = {isa = PBXFileReference; lastKnownFileType = image.jpeg; path = zphlwJ9dKHk.jpg; sourceTree = "<group>"; };
		01A8C38525A5DEF200ED5F3B /* ProfileViewController.swift */ = {isa = PBXFileReference; lastKnownFileType = sourcecode.swift; path = ProfileViewController.swift; sourceTree = "<group>"; };
/* End PBXFileReference section */

/* Begin PBXFrameworksBuildPhase section */
		01592C8725A327CB007E00D5 /* Frameworks */ = {
			isa = PBXFrameworksBuildPhase;
			buildActionMask = 2147483647;
			files = (
			);
			runOnlyForDeploymentPostprocessing = 0;
		};
/* End PBXFrameworksBuildPhase section */

/* Begin PBXGroup section */
		01074DEA25A4F7D7005C87B8 /* Custom Fonts */ = {
			isa = PBXGroup;
			children = (
				01074DF125A4FB69005C87B8 /* Nexa Light.otf */,
			);
			path = "Custom Fonts";
			sourceTree = "<group>";
		};
		01592C8125A327CB007E00D5 = {
			isa = PBXGroup;
			children = (
				01592C8C25A327CB007E00D5 /* Shift_Distribution */,
				01592C8B25A327CB007E00D5 /* Products */,
			);
			sourceTree = "<group>";
		};
		01592C8B25A327CB007E00D5 /* Products */ = {
			isa = PBXGroup;
			children = (
				01592C8A25A327CB007E00D5 /* Shift_Distribution.app */,
			);
			name = Products;
			sourceTree = "<group>";
		};
		01592C8C25A327CB007E00D5 /* Shift_Distribution */ = {
			isa = PBXGroup;
			children = (
				01592C8D25A327CB007E00D5 /* AppDelegate.swift */,
				01592C8F25A327CB007E00D5 /* SceneDelegate.swift */,
				01592C9325A327CB007E00D5 /* Main.storyboard */,
				0153132A25A4A2AF00874DED /* HeadernFooterCell.swift */,
				0153131B25A482B200874DED /* CollectionViewController.swift */,
				019FDA7B25D5631600942477 /* TableContorller.swift */,
				019FDA8225E6869000942477 /* ProfileDidSelect.storyboard */,
				01A8C38525A5DEF200ED5F3B /* ProfileViewController.swift */,
				01A8C37925A5D0AE00ED5F3B /* PersonCell.swift */,
				01074DEA25A4F7D7005C87B8 /* Custom Fonts */,
				0153132725A493C100874DED /* WeekCell.swift */,
				01A8C37D25A5D20500ED5F3B /* zphlwJ9dKHk.jpg */,
				01592C9625A327CF007E00D5 /* Assets.xcassets */,
				01592C9825A327CF007E00D5 /* LaunchScreen.storyboard */,
				01592C9B25A327CF007E00D5 /* Info.plist */,
			);
			path = Shift_Distribution;
			sourceTree = "<group>";
		};
/* End PBXGroup section */

/* Begin PBXNativeTarget section */
		01592C8925A327CB007E00D5 /* Shift_Distribution */ = {
			isa = PBXNativeTarget;
			buildConfigurationList = 01592C9E25A327CF007E00D5 /* Build configuration list for PBXNativeTarget "Shift_Distribution" */;
			buildPhases = (
				01592C8625A327CB007E00D5 /* Sources */,
				01592C8725A327CB007E00D5 /* Frameworks */,
				01592C8825A327CB007E00D5 /* Resources */,
			);
			buildRules = (
			);
			dependencies = (
			);
			name = Shift_Distribution;
			productName = Shift_Distribution;
			productReference = 01592C8A25A327CB007E00D5 /* Shift_Distribution.app */;
			productType = "com.apple.product-type.application";
		};
/* End PBXNativeTarget section */

/* Begin PBXProject section */
		01592C8225A327CB007E00D5 /* Project object */ = {
			isa = PBXProject;
			attributes = {
				LastSwiftUpdateCheck = 1220;
				LastUpgradeCheck = 1220;
				TargetAttributes = {
					01592C8925A327CB007E00D5 = {
						CreatedOnToolsVersion = 12.2;
					};
				};
			};
			buildConfigurationList = 01592C8525A327CB007E00D5 /* Build configuration list for PBXProject "Shift_Distribution" */;
			compatibilityVersion = "Xcode 9.3";
			developmentRegion = en;
			hasScannedForEncodings = 0;
			knownRegions = (
				en,
				Base,
			);
			mainGroup = 01592C8125A327CB007E00D5;
			productRefGroup = 01592C8B25A327CB007E00D5 /* Products */;
			projectDirPath = "";
			projectRoot = "";
			targets = (
				01592C8925A327CB007E00D5 /* Shift_Distribution */,
			);
		};
/* End PBXProject section */

/* Begin PBXResourcesBuildPhase section */
		01592C8825A327CB007E00D5 /* Resources */ = {
			isa = PBXResourcesBuildPhase;
			buildActionMask = 2147483647;
			files = (
				019FDA8325E6869000942477 /* ProfileDidSelect.storyboard in Resources */,
				01592C9A25A327CF007E00D5 /* LaunchScreen.storyboard in Resources */,
				01592C9725A327CF007E00D5 /* Assets.xcassets in Resources */,
				01592C9525A327CB007E00D5 /* Main.storyboard in Resources */,
				01074DF225A4FB69005C87B8 /* Nexa Light.otf in Resources */,
				01A8C37E25A5D20500ED5F3B /* zphlwJ9dKHk.jpg in Resources */,
			);
			runOnlyForDeploymentPostprocessing = 0;
		};
/* End PBXResourcesBuildPhase section */

/* Begin PBXSourcesBuildPhase section */
		01592C8625A327CB007E00D5 /* Sources */ = {
			isa = PBXSourcesBuildPhase;
			buildActionMask = 2147483647;
			files = (
				0153131C25A482B200874DED /* CollectionViewController.swift in Sources */,
				019FDA7C25D5631600942477 /* TableContorller.swift in Sources */,
				01A8C37A25A5D0AE00ED5F3B /* PersonCell.swift in Sources */,
				0153132825A493C100874DED /* WeekCell.swift in Sources */,
				01592C8E25A327CB007E00D5 /* AppDelegate.swift in Sources */,
				01A8C38625A5DEF200ED5F3B /* ProfileViewController.swift in Sources */,
				0153132B25A4A2AF00874DED /* HeadernFooterCell.swift in Sources */,
				01592C9025A327CB007E00D5 /* SceneDelegate.swift in Sources */,
			);
			runOnlyForDeploymentPostprocessing = 0;
		};
/* End PBXSourcesBuildPhase section */

/* Begin PBXVariantGroup section */
		01592C9325A327CB007E00D5 /* Main.storyboard */ = {
			isa = PBXVariantGroup;
			children = (
				01592C9425A327CB007E00D5 /* Base */,
			);
			name = Main.storyboard;
			sourceTree = "<group>";
		};
		01592C9825A327CF007E00D5 /* LaunchScreen.storyboard */ = {
			isa = PBXVariantGroup;
			children = (
				01592C9925A327CF007E00D5 /* Base */,
			);
			name = LaunchScreen.storyboard;
			sourceTree = "<group>";
		};
/* End PBXVariantGroup section */

/* Begin XCBuildConfiguration section */
		01592C9C25A327CF007E00D5 /* Debug */ = {
			isa = XCBuildConfiguration;
			buildSettings = {
				ALWAYS_SEARCH_USER_PATHS = NO;
				CLANG_ANALYZER_NONNULL = YES;
				CLANG_ANALYZER_NUMBER_OBJECT_CONVERSION = YES_AGGRESSIVE;
				CLANG_CXX_LANGUAGE_STANDARD = "gnu++14";
				CLANG_CXX_LIBRARY = "libc++";
				CLANG_ENABLE_MODULES = YES;
				CLANG_ENABLE_OBJC_ARC = YES;
				CLANG_ENABLE_OBJC_WEAK = YES;
				CLANG_WARN_BLOCK_CAPTURE_AUTORELEASING = YES;
				CLANG_WARN_BOOL_CONVERSION = YES;
				CLANG_WARN_COMMA = YES;
				CLANG_WARN_CONSTANT_CONVERSION = YES;
				CLANG_WARN_DEPRECATED_OBJC_IMPLEMENTATIONS = YES;
				CLANG_WARN_DIRECT_OBJC_ISA_USAGE = YES_ERROR;
				CLANG_WARN_DOCUMENTATION_COMMENTS = YES;
				CLANG_WARN_EMPTY_BODY = YES;
				CLANG_WARN_ENUM_CONVERSION = YES;
				CLANG_WARN_INFINITE_RECURSION = YES;
				CLANG_WARN_INT_CONVERSION = YES;
				CLANG_WARN_NON_LITERAL_NULL_CONVERSION = YES;
				CLANG_WARN_OBJC_IMPLICIT_RETAIN_SELF = YES;
				CLANG_WARN_OBJC_LITERAL_CONVERSION = YES;
				CLANG_WARN_OBJC_ROOT_CLASS = YES_ERROR;
				CLANG_WARN_QUOTED_INCLUDE_IN_FRAMEWORK_HEADER = YES;
				CLANG_WARN_RANGE_LOOP_ANALYSIS = YES;
				CLANG_WARN_STRICT_PROTOTYPES = YES;
				CLANG_WARN_SUSPICIOUS_MOVE = YES;
				CLANG_WARN_UNGUARDED_AVAILABILITY = YES_AGGRESSIVE;
				CLANG_WARN_UNREACHABLE_CODE = YES;
				CLANG_WARN__DUPLICATE_METHOD_MATCH = YES;
				COPY_PHASE_STRIP = NO;
				DEBUG_INFORMATION_FORMAT = dwarf;
				ENABLE_STRICT_OBJC_MSGSEND = YES;
				ENABLE_TESTABILITY = YES;
				GCC_C_LANGUAGE_STANDARD = gnu11;
				GCC_DYNAMIC_NO_PIC = NO;
				GCC_NO_COMMON_BLOCKS = YES;
				GCC_OPTIMIZATION_LEVEL = 0;
				GCC_PREPROCESSOR_DEFINITIONS = (
					"DEBUG=1",
					"$(inherited)",
				);
				GCC_WARN_64_TO_32_BIT_CONVERSION = YES;
				GCC_WARN_ABOUT_RETURN_TYPE = YES_ERROR;
				GCC_WARN_UNDECLARED_SELECTOR = YES;
				GCC_WARN_UNINITIALIZED_AUTOS = YES_AGGRESSIVE;
				GCC_WARN_UNUSED_FUNCTION = YES;
				GCC_WARN_UNUSED_VARIABLE = YES;
				IPHONEOS_DEPLOYMENT_TARGET = 14.2;
				MTL_ENABLE_DEBUG_INFO = INCLUDE_SOURCE;
				MTL_FAST_MATH = YES;
				ONLY_ACTIVE_ARCH = YES;
				SDKROOT = iphoneos;
				SWIFT_ACTIVE_COMPILATION_CONDITIONS = DEBUG;
				SWIFT_OPTIMIZATION_LEVEL = "-Onone";
			};
			name = Debug;
		};
		01592C9D25A327CF007E00D5 /* Release */ = {
			isa = XCBuildConfiguration;
			buildSettings = {
				ALWAYS_SEARCH_USER_PATHS = NO;
				CLANG_ANALYZER_NONNULL = YES;
				CLANG_ANALYZER_NUMBER_OBJECT_CONVERSION = YES_AGGRESSIVE;
				CLANG_CXX_LANGUAGE_STANDARD = "gnu++14";
				CLANG_CXX_LIBRARY = "libc++";
				CLANG_ENABLE_MODULES = YES;
				CLANG_ENABLE_OBJC_ARC = YES;
				CLANG_ENABLE_OBJC_WEAK = YES;
				CLANG_WARN_BLOCK_CAPTURE_AUTORELEASING = YES;
				CLANG_WARN_BOOL_CONVERSION = YES;
				CLANG_WARN_COMMA = YES;
				CLANG_WARN_CONSTANT_CONVERSION = YES;
				CLANG_WARN_DEPRECATED_OBJC_IMPLEMENTATIONS = YES;
				CLANG_WARN_DIRECT_OBJC_ISA_USAGE = YES_ERROR;
				CLANG_WARN_DOCUMENTATION_COMMENTS = YES;
				CLANG_WARN_EMPTY_BODY = YES;
				CLANG_WARN_ENUM_CONVERSION = YES;
				CLANG_WARN_INFINITE_RECURSION = YES;
				CLANG_WARN_INT_CONVERSION = YES;
				CLANG_WARN_NON_LITERAL_NULL_CONVERSION = YES;
				CLANG_WARN_OBJC_IMPLICIT_RETAIN_SELF = YES;
				CLANG_WARN_OBJC_LITERAL_CONVERSION = YES;
				CLANG_WARN_OBJC_ROOT_CLASS = YES_ERROR;
				CLANG_WARN_QUOTED_INCLUDE_IN_FRAMEWORK_HEADER = YES;
				CLANG_WARN_RANGE_LOOP_ANALYSIS = YES;
				CLANG_WARN_STRICT_PROTOTYPES = YES;
				CLANG_WARN_SUSPICIOUS_MOVE = YES;
				CLANG_WARN_UNGUARDED_AVAILABILITY = YES_AGGRESSIVE;
				CLANG_WARN_UNREACHABLE_CODE = YES;
				CLANG_WARN__DUPLICATE_METHOD_MATCH = YES;
				COPY_PHASE_STRIP = NO;
				DEBUG_INFORMATION_FORMAT = "dwarf-with-dsym";
				ENABLE_NS_ASSERTIONS = NO;
				ENABLE_STRICT_OBJC_MSGSEND = YES;
				GCC_C_LANGUAGE_STANDARD = gnu11;
				GCC_NO_COMMON_BLOCKS = YES;
				GCC_WARN_64_TO_32_BIT_CONVERSION = YES;
				GCC_WARN_ABOUT_RETURN_TYPE = YES_ERROR;
				GCC_WARN_UNDECLARED_SELECTOR = YES;
				GCC_WARN_UNINITIALIZED_AUTOS = YES_AGGRESSIVE;
				GCC_WARN_UNUSED_FUNCTION = YES;
				GCC_WARN_UNUSED_VARIABLE = YES;
				IPHONEOS_DEPLOYMENT_TARGET = 14.2;
				MTL_ENABLE_DEBUG_INFO = NO;
				MTL_FAST_MATH = YES;
				SDKROOT = iphoneos;
				SWIFT_COMPILATION_MODE = wholemodule;
				SWIFT_OPTIMIZATION_LEVEL = "-O";
				VALIDATE_PRODUCT = YES;
			};
			name = Release;
		};
		01592C9F25A327CF007E00D5 /* Debug */ = {
			isa = XCBuildConfiguration;
			buildSettings = {
				ASSETCATALOG_COMPILER_APPICON_NAME = AppIcon;
				ASSETCATALOG_COMPILER_GLOBAL_ACCENT_COLOR_NAME = AccentColor;
				CODE_SIGN_STYLE = Automatic;
				DEVELOPMENT_TEAM = 7WL4YZL5KV;
				INFOPLIST_FILE = Shift_Distribution/Info.plist;
				LD_RUNPATH_SEARCH_PATHS = (
					"$(inherited)",
					"@executable_path/Frameworks",
				);
				PRODUCT_BUNDLE_IDENTIFIER = "com.Nick.Shift-Distribution";
				PRODUCT_NAME = "$(TARGET_NAME)";
				SWIFT_VERSION = 5.0;
				TARGETED_DEVICE_FAMILY = "1,2";
			};
			name = Debug;
		};
		01592CA025A327CF007E00D5 /* Release */ = {
			isa = XCBuildConfiguration;
			buildSettings = {
				ASSETCATALOG_COMPILER_APPICON_NAME = AppIcon;
				ASSETCATALOG_COMPILER_GLOBAL_ACCENT_COLOR_NAME = AccentColor;
				CODE_SIGN_STYLE = Automatic;
				DEVELOPMENT_TEAM = 7WL4YZL5KV;
				INFOPLIST_FILE = Shift_Distribution/Info.plist;
				LD_RUNPATH_SEARCH_PATHS = (
					"$(inherited)",
					"@executable_path/Frameworks",
				);
				PRODUCT_BUNDLE_IDENTIFIER = "com.Nick.Shift-Distribution";
				PRODUCT_NAME = "$(TARGET_NAME)";
				SWIFT_VERSION = 5.0;
				TARGETED_DEVICE_FAMILY = "1,2";
			};
			name = Release;
		};
/* End XCBuildConfiguration section */

/* Begin XCConfigurationList section */
		01592C8525A327CB007E00D5 /* Build configuration list for PBXProject "Shift_Distribution" */ = {
			isa = XCConfigurationList;
			buildConfigurations = (
				01592C9C25A327CF007E00D5 /* Debug */,
				01592C9D25A327CF007E00D5 /* Release */,
			);
			defaultConfigurationIsVisible = 0;
			defaultConfigurationName = Release;
		};
		01592C9E25A327CF007E00D5 /* Build configuration list for PBXNativeTarget "Shift_Distribution" */ = {
			isa = XCConfigurationList;
			buildConfigurations = (
				01592C9F25A327CF007E00D5 /* Debug */,
				01592CA025A327CF007E00D5 /* Release */,
			);
			defaultConfigurationIsVisible = 0;
			defaultConfigurationName = Release;
		};
/* End XCConfigurationList section */
	};
	rootObject = 01592C8225A327CB007E00D5 /* Project object */;
}
